
Microsoft Visual Studio Solution File, Format Version 12.00
# Visual Studio 2013
VisualStudioVersion = 12.0.31101.0
MinimumVisualStudioVersion = 10.0.40219.1
Project("{2150E333-8FDC-42A3-9474-1A3956D46DE8}") = "MyerPlant", "MyerPlant", "{475B18F6-B2ED-46C4-B4B9-15C3883E3F7B}"
EndProject
Project("{D954291E-2A0B-460D-934E-DC6B0785DB48}") = "MyerPlant.Shared", "DemonstrationOfIoT\DemonstrationOfIoT.Shared\MyerPlant.Shared.shproj", "{A7EC5126-5299-4BEF-9379-CD771430063D}"
EndProject
Project("{FAE04EC0-301F-11D3-BF4B-00C04F79EFBC}") = "MyerPlant.Windows", "DemonstrationOfIoT\DemonstrationOfIoT.Windows\MyerPlant.Windows.csproj", "{7587E81D-631B-41CA-9B85-55EA09C5854D}"
EndProject
Project("{FAE04EC0-301F-11D3-BF4B-00C04F79EFBC}") = "MyerPlant.WindowsPhone", "DemonstrationOfIoT\DemonstrationOfIoT.WindowsPhone\MyerPlant.WindowsPhone.csproj", "{293A0695-C19B-4916-86A1-7171FF0E0458}"
EndProject
Project("{FAE04EC0-301F-11D3-BF4B-00C04F79EFBC}") = "ChaoFunctionRT", "ChaoFunctionRT\ChaoFunctionRT.csproj", "{9C909FED-D859-4CAB-B4D2-DFB7FD31EE58}"
EndProject
Project("{FAE04EC0-301F-11D3-BF4B-00C04F79EFBC}") = "NotificationsExtensions", "NotificationsExtensions\NotificationsExtensions.csproj", "{6E87464B-B064-40CA-8161-7C18C337ADFF}"
EndProject
Global
	GlobalSection(SharedMSBuildProjectFiles) = preSolution
		DemonstrationOfIoT\DemonstrationOfIoT.Shared\DemonstrationOfIoT.Shared.projitems*{293a0695-c19b-4916-86a1-7171ff0e0458}*SharedItemsImports = 4
		DemonstrationOfIoT\DemonstrationOfIoT.Shared\DemonstrationOfIoT.Shared.projitems*{a7ec5126-5299-4bef-9379-cd771430063d}*SharedItemsImports = 13
		DemonstrationOfIoT\DemonstrationOfIoT.Shared\DemonstrationOfIoT.Shared.projitems*{7587e81d-631b-41ca-9b85-55ea09c5854d}*SharedItemsImports = 4
	EndGlobalSection
	GlobalSection(SolutionConfigurationPlatforms) = preSolution
		Debug|Any CPU = Debug|Any CPU
		Debug|ARM = Debug|ARM
		Debug|Win32 = Debug|Win32
		Debug|x64 = Debug|x64
		Debug|x86 = Debug|x86
		Release|Any CPU = Release|Any CPU
		Release|ARM = Release|ARM
		Release|Win32 = Release|Win32
		Release|x64 = Release|x64
		Release|x86 = Release|x86
	EndGlobalSection
	GlobalSection(ProjectConfigurationPlatforms) = postSolution
		{7587E81D-631B-41CA-9B85-55EA09C5854D}.Debug|Any CPU.ActiveCfg = Debug|Any CPU
		{7587E81D-631B-41CA-9B85-55EA09C5854D}.Debug|Any CPU.Build.0 = Debug|Any CPU
		{7587E81D-631B-41CA-9B85-55EA09C5854D}.Debug|Any CPU.Deploy.0 = Debug|Any CPU
		{7587E81D-631B-41CA-9B85-55EA09C5854D}.Debug|ARM.ActiveCfg = Debug|ARM
		{7587E81D-631B-41CA-9B85-55EA09C5854D}.Debug|ARM.Build.0 = Debug|ARM
		{7587E81D-631B-41CA-9B85-55EA09C5854D}.Debug|ARM.Deploy.0 = Debug|ARM
		{7587E81D-631B-41CA-9B85-55EA09C5854D}.Debug|Win32.ActiveCfg = Debug|x86
		{7587E81D-631B-41CA-9B85-55EA09C5854D}.Debug|Win32.Build.0 = Debug|x86
		{7587E81D-631B-41CA-9B85-55EA09C5854D}.Debug|Win32.Deploy.0 = Debug|x86
		{7587E81D-631B-41CA-9B85-55EA09C5854D}.Debug|x64.ActiveCfg = Debug|x64
		{7587E81D-631B-41CA-9B85-55EA09C5854D}.Debug|x64.Build.0 = Debug|x64
		{7587E81D-631B-41CA-9B85-55EA09C5854D}.Debug|x64.Deploy.0 = Debug|x64
		{7587E81D-631B-41CA-9B85-55EA09C5854D}.Debug|x86.ActiveCfg = Debug|x86
		{7587E81D-631B-41CA-9B85-55EA09C5854D}.Debug|x86.Build.0 = Debug|x86
		{7587E81D-631B-41CA-9B85-55EA09C5854D}.Debug|x86.Deploy.0 = Debug|x86
		{7587E81D-631B-41CA-9B85-55EA09C5854D}.Release|Any CPU.ActiveCfg = Release|Any CPU
		{7587E81D-631B-41CA-9B85-55EA09C5854D}.Release|Any CPU.Build.0 = Release|Any CPU
		{7587E81D-631B-41CA-9B85-55EA09C5854D}.Release|Any CPU.Deploy.0 = Release|Any CPU
		{7587E81D-631B-41CA-9B85-55EA09C5854D}.Release|ARM.ActiveCfg = Release|ARM
		{7587E81D-631B-41CA-9B85-55EA09C5854D}.Release|ARM.Build.0 = Release|ARM
		{7587E81D-631B-41CA-9B85-55EA09C5854D}.Release|ARM.Deploy.0 = Release|ARM
		{7587E81D-631B-41CA-9B85-55EA09C5854D}.Release|Win32.ActiveCfg = Release|x86
		{7587E81D-631B-41CA-9B85-55EA09C5854D}.Release|Win32.Build.0 = Release|x86
		{7587E81D-631B-41CA-9B85-55EA09C5854D}.Release|Win32.Deploy.0 = Release|x86
		{7587E81D-631B-41CA-9B85-55EA09C5854D}.Release|x64.ActiveCfg = Release|x64
		{7587E81D-631B-41CA-9B85-55EA09C5854D}.Release|x64.Build.0 = Release|x64
		{7587E81D-631B-41CA-9B85-55EA09C5854D}.Release|x64.Deploy.0 = Release|x64
		{7587E81D-631B-41CA-9B85-55EA09C5854D}.Release|x86.ActiveCfg = Release|x86
		{7587E81D-631B-41CA-9B85-55EA09C5854D}.Release|x86.Build.0 = Release|x86
		{7587E81D-631B-41CA-9B85-55EA09C5854D}.Release|x86.Deploy.0 = Release|x86
		{293A0695-C19B-4916-86A1-7171FF0E0458}.Debug|Any CPU.ActiveCfg = Debug|Any CPU
		{293A0695-C19B-4916-86A1-7171FF0E0458}.Debug|Any CPU.Build.0 = Debug|Any CPU
		{293A0695-C19B-4916-86A1-7171FF0E0458}.Debug|Any CPU.Deploy.0 = Debug|Any CPU
		{293A0695-C19B-4916-86A1-7171FF0E0458}.Debug|ARM.ActiveCfg = Debug|ARM
		{293A0695-C19B-4916-86A1-7171FF0E0458}.Debug|ARM.Build.0 = Debug|ARM
		{293A0695-C19B-4916-86A1-7171FF0E0458}.Debug|ARM.Deploy.0 = Debug|ARM
		{293A0695-C19B-4916-86A1-7171FF0E0458}.Debug|Win32.ActiveCfg = Debug|x86
		{293A0695-C19B-4916-86A1-7171FF0E0458}.Debug|Win32.Build.0 = Debug|x86
		{293A0695-C19B-4916-86A1-7171FF0E0458}.Debug|Win32.Deploy.0 = Debug|x86
		{293A0695-C19B-4916-86A1-7171FF0E0458}.Debug|x64.ActiveCfg = Debug|Any CPU
		{293A0695-C19B-4916-86A1-7171FF0E0458}.Debug|x86.ActiveCfg = Debug|x86
		{293A0695-C19B-4916-86A1-7171FF0E0458}.Debug|x86.Build.0 = Debug|x86
		{293A0695-C19B-4916-86A1-7171FF0E0458}.Debug|x86.Deploy.0 = Debug|x86
		{293A0695-C19B-4916-86A1-7171FF0E0458}.Release|Any CPU.ActiveCfg = Release|Any CPU
		{293A0695-C19B-4916-86A1-7171FF0E0458}.Release|Any CPU.Build.0 = Release|Any CPU
		{293A0695-C19B-4916-86A1-7171FF0E0458}.Release|Any CPU.Deploy.0 = Release|Any CPU
		{293A0695-C19B-4916-86A1-7171FF0E0458}.Release|ARM.ActiveCfg = Release|ARM
		{293A0695-C19B-4916-86A1-7171FF0E0458}.Release|ARM.Build.0 = Release|ARM
		{293A0695-C19B-4916-86A1-7171FF0E0458}.Release|ARM.Deploy.0 = Release|ARM
		{293A0695-C19B-4916-86A1-7171FF0E0458}.Release|Win32.ActiveCfg = Release|x86
		{293A0695-C19B-4916-86A1-7171FF0E0458}.Release|Win32.Build.0 = Release|x86
		{293A0695-C19B-4916-86A1-7171FF0E0458}.Release|Win32.Deploy.0 = Release|x86
		{293A0695-C19B-4916-86A1-7171FF0E0458}.Release|x64.ActiveCfg = Release|Any CPU
		{293A0695-C19B-4916-86A1-7171FF0E0458}.Release|x86.ActiveCfg = Release|x86
		{293A0695-C19B-4916-86A1-7171FF0E0458}.Release|x86.Build.0 = Release|x86
		{293A0695-C19B-4916-86A1-7171FF0E0458}.Release|x86.Deploy.0 = Release|x86
		{9C909FED-D859-4CAB-B4D2-DFB7FD31EE58}.Debug|Any CPU.ActiveCfg = Debug|Any CPU
		{9C909FED-D859-4CAB-B4D2-DFB7FD31EE58}.Debug|Any CPU.Build.0 = Debug|Any CPU
		{9C909FED-D859-4CAB-B4D2-DFB7FD31EE58}.Debug|ARM.ActiveCfg = Debug|Any CPU
		{9C909FED-D859-4CAB-B4D2-DFB7FD31EE58}.Debug|Win32.ActiveCfg = Debug|Any CPU
		{9C909FED-D859-4CAB-B4D2-DFB7FD31EE58}.Debug|x64.ActiveCfg = Debug|Any CPU
		{9C909FED-D859-4CAB-B4D2-DFB7FD31EE58}.Debug|x86.ActiveCfg = Debug|Any CPU
		{9C909FED-D859-4CAB-B4D2-DFB7FD31EE58}.Release|Any CPU.ActiveCfg = Release|Any CPU
		{9C909FED-D859-4CAB-B4D2-DFB7FD31EE58}.Release|Any CPU.Build.0 = Release|Any CPU
		{9C909FED-D859-4CAB-B4D2-DFB7FD31EE58}.Release|ARM.ActiveCfg = Release|Any CPU
		{9C909FED-D859-4CAB-B4D2-DFB7FD31EE58}.Release|Win32.ActiveCfg = Release|Any CPU
		{9C909FED-D859-4CAB-B4D2-DFB7FD31EE58}.Release|x64.ActiveCfg = Release|Any CPU
		{9C909FED-D859-4CAB-B4D2-DFB7FD31EE58}.Release|x86.ActiveCfg = Release|Any CPU
		{6E87464B-B064-40CA-8161-7C18C337ADFF}.Debug|Any CPU.ActiveCfg = Debug|Any CPU
		{6E87464B-B064-40CA-8161-7C18C337ADFF}.Debug|Any CPU.Build.0 = Debug|Any CPU
		{6E87464B-B064-40CA-8161-7C18C337ADFF}.Debug|ARM.ActiveCfg = Debug|ARM
		{6E87464B-B064-40CA-8161-7C18C337ADFF}.Debug|ARM.Build.0 = Debug|ARM
		{6E87464B-B064-40CA-8161-7C18C337ADFF}.Debug|Win32.ActiveCfg = Debug|Win32
		{6E87464B-B064-40CA-8161-7C18C337ADFF}.Debug|Win32.Build.0 = Debug|Win32
		{6E87464B-B064-40CA-8161-7C18C337ADFF}.Debug|x64.ActiveCfg = Debug|x64
		{6E87464B-B064-40CA-8161-7C18C337ADFF}.Debug|x64.Build.0 = Debug|x64
		{6E87464B-B064-40CA-8161-7C18C337ADFF}.Debug|x86.ActiveCfg = Debug|x86
		{6E87464B-B064-40CA-8161-7C18C337ADFF}.Debug|x86.Build.0 = Debug|x86
		{6E87464B-B064-40CA-8161-7C18C337ADFF}.Release|Any CPU.ActiveCfg = Release|Any CPU
		{6E87464B-B064-40CA-8161-7C18C337ADFF}.Release|Any CPU.Build.0 = Release|Any CPU
		{6E87464B-B064-40CA-8161-7C18C337ADFF}.Release|ARM.ActiveCfg = Release|ARM
		{6E87464B-B064-40CA-8161-7C18C337ADFF}.Release|ARM.Build.0 = Release|ARM
		{6E87464B-B064-40CA-8161-7C18C337ADFF}.Release|Win32.ActiveCfg = Release|Win32
		{6E87464B-B064-40CA-8161-7C18C337ADFF}.Release|Win32.Build.0 = Release|Win32
		{6E87464B-B064-40CA-8161-7C18C337ADFF}.Release|x64.ActiveCfg = Release|x64
		{6E87464B-B064-40CA-8161-7C18C337ADFF}.Release|x64.Build.0 = Release|x64
		{6E87464B-B064-40CA-8161-7C18C337ADFF}.Release|x86.ActiveCfg = Release|x86
		{6E87464B-B064-40CA-8161-7C18C337ADFF}.Release|x86.Build.0 = Release|x86
	EndGlobalSection
	GlobalSection(SolutionProperties) = preSolution
		HideSolutionNode = FALSE
	EndGlobalSection
	GlobalSection(NestedProjects) = preSolution
		{A7EC5126-5299-4BEF-9379-CD771430063D} = {475B18F6-B2ED-46C4-B4B9-15C3883E3F7B}
		{7587E81D-631B-41CA-9B85-55EA09C5854D} = {475B18F6-B2ED-46C4-B4B9-15C3883E3F7B}
		{293A0695-C19B-4916-86A1-7171FF0E0458} = {475B18F6-B2ED-46C4-B4B9-15C3883E3F7B}
	EndGlobalSection
EndGlobal
